
Microsoft Visual Studio Solution File, Format Version 12.00
# Visual Studio Version 16
VisualStudioVersion = 16.0.32228.343
MinimumVisualStudioVersion = 10.0.40219.1
Project("{9A19103F-16F7-4668-BE54-9A1E7A4F7556}") = "Banco", "Banco.csproj", "{5998E197-40D4-4293-80BC-DDD475BF686F}"
EndProject
Global
	GlobalSection(SolutionConfigurationPlatforms) = preSolution
		Debug|Any CPU = Debug|Any CPU
		Release|Any CPU = Release|Any CPU
	EndGlobalSection
	GlobalSection(ProjectConfigurationPlatforms) = postSolution
		{5998E197-40D4-4293-80BC-DDD475BF686F}.Debug|Any CPU.ActiveCfg = Debug|Any CPU
		{5998E197-40D4-4293-80BC-DDD475BF686F}.Debug|Any CPU.Build.0 = Debug|Any CPU
		{5998E197-40D4-4293-80BC-DDD475BF686F}.Release|Any CPU.ActiveCfg = Release|Any CPU
		{5998E197-40D4-4293-80BC-DDD475BF686F}.Release|Any CPU.Build.0 = Release|Any CPU
	EndGlobalSection
	GlobalSection(SolutionProperties) = preSolution
		HideSolutionNode = FALSE
	EndGlobalSection
	GlobalSection(ExtensibilityGlobals) = postSolution
		SolutionGuid = {3ADDAA2D-4598-42CC-8AEE-6BC1D6FFAEFD}
	EndGlobalSection
EndGlobal
